// !$*UTF8*$!
{
	archiveVersion = 1;
	classes = {
	};
	objectVersion = 48;
	objects = {

/* Begin PBXBuildFile section */
		38A63D6620D7EA6500E0E3D7 /* AppDelegate.swift in Sources */ = {isa = PBXBuildFile; fileRef = 38A63D6520D7EA6500E0E3D7 /* AppDelegate.swift */; };
		38A63D6820D7EA6500E0E3D7 /* ViewController.swift in Sources */ = {isa = PBXBuildFile; fileRef = 38A63D6720D7EA6500E0E3D7 /* ViewController.swift */; };
		38A63D6B20D7EA6500E0E3D7 /* Main.storyboard in Resources */ = {isa = PBXBuildFile; fileRef = 38A63D6920D7EA6500E0E3D7 /* Main.storyboard */; };
		38A63D6D20D7EA6500E0E3D7 /* Assets.xcassets in Resources */ = {isa = PBXBuildFile; fileRef = 38A63D6C20D7EA6500E0E3D7 /* Assets.xcassets */; };
		38A63D7020D7EA6500E0E3D7 /* LaunchScreen.storyboard in Resources */ = {isa = PBXBuildFile; fileRef = 38A63D6E20D7EA6500E0E3D7 /* LaunchScreen.storyboard */; };
		38A63D7B20D7EA6500E0E3D7 /* travisTestTests.swift in Sources */ = {isa = PBXBuildFile; fileRef = 38A63D7A20D7EA6500E0E3D7 /* travisTestTests.swift */; };
		38A63D8620D7EA6500E0E3D7 /* travisTestUITests.swift in Sources */ = {isa = PBXBuildFile; fileRef = 38A63D8520D7EA6500E0E3D7 /* travisTestUITests.swift */; };
/* End PBXBuildFile section */

/* Begin PBXContainerItemProxy section */
		38A63D7720D7EA6500E0E3D7 /* PBXContainerItemProxy */ = {
			isa = PBXContainerItemProxy;
			containerPortal = 38A63D5A20D7EA6500E0E3D7 /* Project object */;
			proxyType = 1;
			remoteGlobalIDString = 38A63D6120D7EA6500E0E3D7;
			remoteInfo = travisTest;
		};
		38A63D8220D7EA6500E0E3D7 /* PBXContainerItemProxy */ = {
			isa = PBXContainerItemProxy;
			containerPortal = 38A63D5A20D7EA6500E0E3D7 /* Project object */;
			proxyType = 1;
			remoteGlobalIDString = 38A63D6120D7EA6500E0E3D7;
			remoteInfo = travisTest;
		};
/* End PBXContainerItemProxy section */

/* Begin PBXFileReference section */
		38A63D6220D7EA6500E0E3D7 /* travisTest.app */ = {isa = PBXFileReference; explicitFileType = wrapper.application; includeInIndex = 0; path = travisTest.app; sourceTree = BUILT_PRODUCTS_DIR; };
		38A63D6520D7EA6500E0E3D7 /* AppDelegate.swift */ = {isa = PBXFileReference; lastKnownFileType = sourcecode.swift; path = AppDelegate.swift; sourceTree = "<group>"; };
		38A63D6720D7EA6500E0E3D7 /* ViewController.swift */ = {isa = PBXFileReference; lastKnownFileType = sourcecode.swift; path = ViewController.swift; sourceTree = "<group>"; };
		38A63D6A20D7EA6500E0E3D7 /* Base */ = {isa = PBXFileReference; lastKnownFileType = file.storyboard; name = Base; path = Base.lproj/Main.storyboard; sourceTree = "<group>"; };
		38A63D6C20D7EA6500E0E3D7 /* Assets.xcassets */ = {isa = PBXFileReference; lastKnownFileType = folder.assetcatalog; path = Assets.xcassets; sourceTree = "<group>"; };
		38A63D6F20D7EA6500E0E3D7 /* Base */ = {isa = PBXFileReference; lastKnownFileType = file.storyboard; name = Base; path = Base.lproj/LaunchScreen.storyboard; sourceTree = "<group>"; };
		38A63D7120D7EA6500E0E3D7 /* Info.plist */ = {isa = PBXFileReference; lastKnownFileType = text.plist.xml; path = Info.plist; sourceTree = "<group>"; };
		38A63D7620D7EA6500E0E3D7 /* travisTestTests.xctest */ = {isa = PBXFileReference; explicitFileType = wrapper.cfbundle; includeInIndex = 0; path = travisTestTests.xctest; sourceTree = BUILT_PRODUCTS_DIR; };
		38A63D7A20D7EA6500E0E3D7 /* travisTestTests.swift */ = {isa = PBXFileReference; lastKnownFileType = sourcecode.swift; path = travisTestTests.swift; sourceTree = "<group>"; };
		38A63D7C20D7EA6500E0E3D7 /* Info.plist */ = {isa = PBXFileReference; lastKnownFileType = text.plist.xml; path = Info.plist; sourceTree = "<group>"; };
		38A63D8120D7EA6500E0E3D7 /* travisTestUITests.xctest */ = {isa = PBXFileReference; explicitFileType = wrapper.cfbundle; includeInIndex = 0; path = travisTestUITests.xctest; sourceTree = BUILT_PRODUCTS_DIR; };
		38A63D8520D7EA6500E0E3D7 /* travisTestUITests.swift */ = {isa = PBXFileReference; lastKnownFileType = sourcecode.swift; path = travisTestUITests.swift; sourceTree = "<group>"; };
		38A63D8720D7EA6500E0E3D7 /* Info.plist */ = {isa = PBXFileReference; lastKnownFileType = text.plist.xml; path = Info.plist; sourceTree = "<group>"; };
/* End PBXFileReference section */

/* Begin PBXFrameworksBuildPhase section */
		38A63D5F20D7EA6500E0E3D7 /* Frameworks */ = {
			isa = PBXFrameworksBuildPhase;
			buildActionMask = 2147483647;
			files = (
			);
			runOnlyForDeploymentPostprocessing = 0;
		};
		38A63D7320D7EA6500E0E3D7 /* Frameworks */ = {
			isa = PBXFrameworksBuildPhase;
			buildActionMask = 2147483647;
			files = (
			);
			runOnlyForDeploymentPostprocessing = 0;
		};
		38A63D7E20D7EA6500E0E3D7 /* Frameworks */ = {
			isa = PBXFrameworksBuildPhase;
			buildActionMask = 2147483647;
			files = (
			);
			runOnlyForDeploymentPostprocessing = 0;
		};
/* End PBXFrameworksBuildPhase section */

/* Begin PBXGroup section */
		38A63D5920D7EA6500E0E3D7 = {
			isa = PBXGroup;
			children = (
				38A63D6420D7EA6500E0E3D7 /* travisTest */,
				38A63D7920D7EA6500E0E3D7 /* travisTestTests */,
				38A63D8420D7EA6500E0E3D7 /* travisTestUITests */,
				38A63D6320D7EA6500E0E3D7 /* Products */,
			);
			sourceTree = "<group>";
		};
		38A63D6320D7EA6500E0E3D7 /* Products */ = {
			isa = PBXGroup;
			children = (
				38A63D6220D7EA6500E0E3D7 /* travisTest.app */,
				38A63D7620D7EA6500E0E3D7 /* travisTestTests.xctest */,
				38A63D8120D7EA6500E0E3D7 /* travisTestUITests.xctest */,
			);
			name = Products;
			sourceTree = "<group>";
		};
		38A63D6420D7EA6500E0E3D7 /* travisTest */ = {
			isa = PBXGroup;
			children = (
				38A63D6520D7EA6500E0E3D7 /* AppDelegate.swift */,
				38A63D6720D7EA6500E0E3D7 /* ViewController.swift */,
				38A63D6920D7EA6500E0E3D7 /* Main.storyboard */,
				38A63D6C20D7EA6500E0E3D7 /* Assets.xcassets */,
				38A63D6E20D7EA6500E0E3D7 /* LaunchScreen.storyboard */,
				38A63D7120D7EA6500E0E3D7 /* Info.plist */,
			);
			path = travisTest;
			sourceTree = "<group>";
		};
		38A63D7920D7EA6500E0E3D7 /* travisTestTests */ = {
			isa = PBXGroup;
			children = (
				38A63D7A20D7EA6500E0E3D7 /* travisTestTests.swift */,
				38A63D7C20D7EA6500E0E3D7 /* Info.plist */,
			);
			path = travisTestTests;
			sourceTree = "<group>";
		};
		38A63D8420D7EA6500E0E3D7 /* travisTestUITests */ = {
			isa = PBXGroup;
			children = (
				38A63D8520D7EA6500E0E3D7 /* travisTestUITests.swift */,
				38A63D8720D7EA6500E0E3D7 /* Info.plist */,
			);
			path = travisTestUITests;
			sourceTree = "<group>";
		};
/* End PBXGroup section */

/* Begin PBXNativeTarget section */
		38A63D6120D7EA6500E0E3D7 /* travisTest */ = {
			isa = PBXNativeTarget;
			buildConfigurationList = 38A63D8A20D7EA6500E0E3D7 /* Build configuration list for PBXNativeTarget "travisTest" */;
			buildPhases = (
				38A63D5E20D7EA6500E0E3D7 /* Sources */,
				38A63D5F20D7EA6500E0E3D7 /* Frameworks */,
				38A63D6020D7EA6500E0E3D7 /* Resources */,
			);
			buildRules = (
			);
			dependencies = (
			);
			name = travisTest;
			productName = travisTest;
			productReference = 38A63D6220D7EA6500E0E3D7 /* travisTest.app */;
			productType = "com.apple.product-type.application";
		};
		38A63D7520D7EA6500E0E3D7 /* travisTestTests */ = {
			isa = PBXNativeTarget;
			buildConfigurationList = 38A63D8D20D7EA6500E0E3D7 /* Build configuration list for PBXNativeTarget "travisTestTests" */;
			buildPhases = (
				38A63D7220D7EA6500E0E3D7 /* Sources */,
				38A63D7320D7EA6500E0E3D7 /* Frameworks */,
				38A63D7420D7EA6500E0E3D7 /* Resources */,
			);
			buildRules = (
			);
			dependencies = (
				38A63D7820D7EA6500E0E3D7 /* PBXTargetDependency */,
			);
			name = travisTestTests;
			productName = travisTestTests;
			productReference = 38A63D7620D7EA6500E0E3D7 /* travisTestTests.xctest */;
			productType = "com.apple.product-type.bundle.unit-test";
		};
		38A63D8020D7EA6500E0E3D7 /* travisTestUITests */ = {
			isa = PBXNativeTarget;
			buildConfigurationList = 38A63D9020D7EA6500E0E3D7 /* Build configuration list for PBXNativeTarget "travisTestUITests" */;
			buildPhases = (
				38A63D7D20D7EA6500E0E3D7 /* Sources */,
				38A63D7E20D7EA6500E0E3D7 /* Frameworks */,
				38A63D7F20D7EA6500E0E3D7 /* Resources */,
			);
			buildRules = (
			);
			dependencies = (
				38A63D8320D7EA6500E0E3D7 /* PBXTargetDependency */,
			);
			name = travisTestUITests;
			productName = travisTestUITests;
			productReference = 38A63D8120D7EA6500E0E3D7 /* travisTestUITests.xctest */;
			productType = "com.apple.product-type.bundle.ui-testing";
		};
/* End PBXNativeTarget section */

/* Begin PBXProject section */
		38A63D5A20D7EA6500E0E3D7 /* Project object */ = {
			isa = PBXProject;
			attributes = {
				LastSwiftUpdateCheck = 0920;
				LastUpgradeCheck = 0920;
				ORGANIZATIONNAME = "Álvaro";
				TargetAttributes = {
					38A63D6120D7EA6500E0E3D7 = {
						CreatedOnToolsVersion = 9.2;
						ProvisioningStyle = Manual;
					};
					38A63D7520D7EA6500E0E3D7 = {
						CreatedOnToolsVersion = 9.2;
						ProvisioningStyle = Automatic;
						TestTargetID = 38A63D6120D7EA6500E0E3D7;
					};
					38A63D8020D7EA6500E0E3D7 = {
						CreatedOnToolsVersion = 9.2;
						ProvisioningStyle = Automatic;
						TestTargetID = 38A63D6120D7EA6500E0E3D7;
					};
				};
			};
			buildConfigurationList = 38A63D5D20D7EA6500E0E3D7 /* Build configuration list for PBXProject "travisTest" */;
			compatibilityVersion = "Xcode 8.0";
			developmentRegion = en;
			hasScannedForEncodings = 0;
			knownRegions = (
				en,
				Base,
			);
			mainGroup = 38A63D5920D7EA6500E0E3D7;
			productRefGroup = 38A63D6320D7EA6500E0E3D7 /* Products */;
			projectDirPath = "";
			projectRoot = "";
			targets = (
				38A63D6120D7EA6500E0E3D7 /* travisTest */,
				38A63D7520D7EA6500E0E3D7 /* travisTestTests */,
				38A63D8020D7EA6500E0E3D7 /* travisTestUITests */,
			);
		};
/* End PBXProject section */

/* Begin PBXResourcesBuildPhase section */
		38A63D6020D7EA6500E0E3D7 /* Resources */ = {
			isa = PBXResourcesBuildPhase;
			buildActionMask = 2147483647;
			files = (
				38A63D7020D7EA6500E0E3D7 /* LaunchScreen.storyboard in Resources */,
				38A63D6D20D7EA6500E0E3D7 /* Assets.xcassets in Resources */,
				38A63D6B20D7EA6500E0E3D7 /* Main.storyboard in Resources */,
			);
			runOnlyForDeploymentPostprocessing = 0;
		};
		38A63D7420D7EA6500E0E3D7 /* Resources */ = {
			isa = PBXResourcesBuildPhase;
			buildActionMask = 2147483647;
			files = (
			);
			runOnlyForDeploymentPostprocessing = 0;
		};
		38A63D7F20D7EA6500E0E3D7 /* Resources */ = {
			isa = PBXResourcesBuildPhase;
			buildActionMask = 2147483647;
			files = (
			);
			runOnlyForDeploymentPostprocessing = 0;
		};
/* End PBXResourcesBuildPhase section */

/* Begin PBXSourcesBuildPhase section */
		38A63D5E20D7EA6500E0E3D7 /* Sources */ = {
			isa = PBXSourcesBuildPhase;
			buildActionMask = 2147483647;
			files = (
				38A63D6820D7EA6500E0E3D7 /* ViewController.swift in Sources */,
				38A63D6620D7EA6500E0E3D7 /* AppDelegate.swift in Sources */,
			);
			runOnlyForDeploymentPostprocessing = 0;
		};
		38A63D7220D7EA6500E0E3D7 /* Sources */ = {
			isa = PBXSourcesBuildPhase;
			buildActionMask = 2147483647;
			files = (
				38A63D7B20D7EA6500E0E3D7 /* travisTestTests.swift in Sources */,
			);
			runOnlyForDeploymentPostprocessing = 0;
		};
		38A63D7D20D7EA6500E0E3D7 /* Sources */ = {
			isa = PBXSourcesBuildPhase;
			buildActionMask = 2147483647;
			files = (
				38A63D8620D7EA6500E0E3D7 /* travisTestUITests.swift in Sources */,
			);
			runOnlyForDeploymentPostprocessing = 0;
		};
/* End PBXSourcesBuildPhase section */

/* Begin PBXTargetDependency section */
		38A63D7820D7EA6500E0E3D7 /* PBXTargetDependency */ = {
			isa = PBXTargetDependency;
			target = 38A63D6120D7EA6500E0E3D7 /* travisTest */;
			targetProxy = 38A63D7720D7EA6500E0E3D7 /* PBXContainerItemProxy */;
		};
		38A63D8320D7EA6500E0E3D7 /* PBXTargetDependency */ = {
			isa = PBXTargetDependency;
			target = 38A63D6120D7EA6500E0E3D7 /* travisTest */;
			targetProxy = 38A63D8220D7EA6500E0E3D7 /* PBXContainerItemProxy */;
		};
/* End PBXTargetDependency section */

/* Begin PBXVariantGroup section */
		38A63D6920D7EA6500E0E3D7 /* Main.storyboard */ = {
			isa = PBXVariantGroup;
			children = (
				38A63D6A20D7EA6500E0E3D7 /* Base */,
			);
			name = Main.storyboard;
			sourceTree = "<group>";
		};
		38A63D6E20D7EA6500E0E3D7 /* LaunchScreen.storyboard */ = {
			isa = PBXVariantGroup;
			children = (
				38A63D6F20D7EA6500E0E3D7 /* Base */,
			);
			name = LaunchScreen.storyboard;
			sourceTree = "<group>";
		};
/* End PBXVariantGroup section */

/* Begin XCBuildConfiguration section */
		38A63D8820D7EA6500E0E3D7 /* Debug */ = {
			isa = XCBuildConfiguration;
			buildSettings = {
				ALWAYS_SEARCH_USER_PATHS = NO;
				CLANG_ANALYZER_NONNULL = YES;
				CLANG_ANALYZER_NUMBER_OBJECT_CONVERSION = YES_AGGRESSIVE;
				CLANG_CXX_LANGUAGE_STANDARD = "gnu++14";
				CLANG_CXX_LIBRARY = "libc++";
				CLANG_ENABLE_MODULES = YES;
				CLANG_ENABLE_OBJC_ARC = YES;
				CLANG_WARN_BLOCK_CAPTURE_AUTORELEASING = YES;
				CLANG_WARN_BOOL_CONVERSION = YES;
				CLANG_WARN_COMMA = YES;
				CLANG_WARN_CONSTANT_CONVERSION = YES;
				CLANG_WARN_DIRECT_OBJC_ISA_USAGE = YES_ERROR;
				CLANG_WARN_DOCUMENTATION_COMMENTS = YES;
				CLANG_WARN_EMPTY_BODY = YES;
				CLANG_WARN_ENUM_CONVERSION = YES;
				CLANG_WARN_INFINITE_RECURSION = YES;
				CLANG_WARN_INT_CONVERSION = YES;
				CLANG_WARN_NON_LITERAL_NULL_CONVERSION = YES;
				CLANG_WARN_OBJC_LITERAL_CONVERSION = YES;
				CLANG_WARN_OBJC_ROOT_CLASS = YES_ERROR;
				CLANG_WARN_RANGE_LOOP_ANALYSIS = YES;
				CLANG_WARN_STRICT_PROTOTYPES = YES;
				CLANG_WARN_SUSPICIOUS_MOVE = YES;
				CLANG_WARN_UNGUARDED_AVAILABILITY = YES_AGGRESSIVE;
				CLANG_WARN_UNREACHABLE_CODE = YES;
				CLANG_WARN__DUPLICATE_METHOD_MATCH = YES;
				CODE_SIGN_IDENTITY = "iPhone Developer";
				COPY_PHASE_STRIP = NO;
				DEBUG_INFORMATION_FORMAT = dwarf;
				ENABLE_STRICT_OBJC_MSGSEND = YES;
				ENABLE_TESTABILITY = YES;
				GCC_C_LANGUAGE_STANDARD = gnu11;
				GCC_DYNAMIC_NO_PIC = NO;
				GCC_NO_COMMON_BLOCKS = YES;
				GCC_OPTIMIZATION_LEVEL = 0;
				GCC_PREPROCESSOR_DEFINITIONS = (
					"DEBUG=1",
					"$(inherited)",
				);
				GCC_WARN_64_TO_32_BIT_CONVERSION = YES;
				GCC_WARN_ABOUT_RETURN_TYPE = YES_ERROR;
				GCC_WARN_UNDECLARED_SELECTOR = YES;
				GCC_WARN_UNINITIALIZED_AUTOS = YES_AGGRESSIVE;
				GCC_WARN_UNUSED_FUNCTION = YES;
				GCC_WARN_UNUSED_VARIABLE = YES;
				IPHONEOS_DEPLOYMENT_TARGET = 11.2;
				MTL_ENABLE_DEBUG_INFO = YES;
				ONLY_ACTIVE_ARCH = YES;
				SDKROOT = iphoneos;
				SWIFT_ACTIVE_COMPILATION_CONDITIONS = DEBUG;
				SWIFT_OPTIMIZATION_LEVEL = "-Onone";
			};
			name = Debug;
		};
		38A63D8920D7EA6500E0E3D7 /* Release */ = {
			isa = XCBuildConfiguration;
			buildSettings = {
				ALWAYS_SEARCH_USER_PATHS = NO;
				CLANG_ANALYZER_NONNULL = YES;
				CLANG_ANALYZER_NUMBER_OBJECT_CONVERSION = YES_AGGRESSIVE;
				CLANG_CXX_LANGUAGE_STANDARD = "gnu++14";
				CLANG_CXX_LIBRARY = "libc++";
				CLANG_ENABLE_MODULES = YES;
				CLANG_ENABLE_OBJC_ARC = YES;
				CLANG_WARN_BLOCK_CAPTURE_AUTORELEASING = YES;
				CLANG_WARN_BOOL_CONVERSION = YES;
				CLANG_WARN_COMMA = YES;
				CLANG_WARN_CONSTANT_CONVERSION = YES;
				CLANG_WARN_DIRECT_OBJC_ISA_USAGE = YES_ERROR;
				CLANG_WARN_DOCUMENTATION_COMMENTS = YES;
				CLANG_WARN_EMPTY_BODY = YES;
				CLANG_WARN_ENUM_CONVERSION = YES;
				CLANG_WARN_INFINITE_RECURSION = YES;
				CLANG_WARN_INT_CONVERSION = YES;
				CLANG_WARN_NON_LITERAL_NULL_CONVERSION = YES;
				CLANG_WARN_OBJC_LITERAL_CONVERSION = YES;
				CLANG_WARN_OBJC_ROOT_CLASS = YES_ERROR;
				CLANG_WARN_RANGE_LOOP_ANALYSIS = YES;
				CLANG_WARN_STRICT_PROTOTYPES = YES;
				CLANG_WARN_SUSPICIOUS_MOVE = YES;
				CLANG_WARN_UNGUARDED_AVAILABILITY = YES_AGGRESSIVE;
				CLANG_WARN_UNREACHABLE_CODE = YES;
				CLANG_WARN__DUPLICATE_METHOD_MATCH = YES;
				CODE_SIGN_IDENTITY = "iPhone Developer";
				COPY_PHASE_STRIP = NO;
				DEBUG_INFORMATION_FORMAT = "dwarf-with-dsym";
				ENABLE_NS_ASSERTIONS = NO;
				ENABLE_STRICT_OBJC_MSGSEND = YES;
				GCC_C_LANGUAGE_STANDARD = gnu11;
				GCC_NO_COMMON_BLOCKS = YES;
				GCC_WARN_64_TO_32_BIT_CONVERSION = YES;
				GCC_WARN_ABOUT_RETURN_TYPE = YES_ERROR;
				GCC_WARN_UNDECLARED_SELECTOR = YES;
				GCC_WARN_UNINITIALIZED_AUTOS = YES_AGGRESSIVE;
				GCC_WARN_UNUSED_FUNCTION = YES;
				GCC_WARN_UNUSED_VARIABLE = YES;
				IPHONEOS_DEPLOYMENT_TARGET = 11.2;
				MTL_ENABLE_DEBUG_INFO = NO;
				SDKROOT = iphoneos;
				SWIFT_OPTIMIZATION_LEVEL = "-Owholemodule";
				VALIDATE_PRODUCT = YES;
			};
			name = Release;
		};
		38A63D8B20D7EA6500E0E3D7 /* Debug */ = {
			isa = XCBuildConfiguration;
			buildSettings = {
				ASSETCATALOG_COMPILER_APPICON_NAME = AppIcon;
				CODE_SIGN_STYLE = Manual;
				CURRENT_PROJECT_VERSION = 45;
				DEVELOPMENT_TEAM = 7MCU276KA6;
				INFOPLIST_FILE = travisTest/Info.plist;
				LD_RUNPATH_SEARCH_PATHS = "$(inherited) @executable_path/Frameworks";
				PRODUCT_BUNDLE_IDENTIFIER = com.pilasvacias.test;
				PRODUCT_NAME = "$(TARGET_NAME)";
				PROVISIONING_PROFILE = "a5f6cd5f-c9f5-4096-9f19-c8521867a6c7";
				PROVISIONING_PROFILE_SPECIFIER = "match Development com.pilasvacias.test";
				SWIFT_VERSION = 4.0;
				TARGETED_DEVICE_FAMILY = "1,2";
				VERSIONING_SYSTEM = "apple-generic";
			};
			name = Debug;
		};
		38A63D8C20D7EA6500E0E3D7 /* Release */ = {
			isa = XCBuildConfiguration;
			buildSettings = {
				ASSETCATALOG_COMPILER_APPICON_NAME = AppIcon;
				"CODE_SIGN_IDENTITY[sdk=iphoneos*]" = "iPhone Distribution";
				CODE_SIGN_STYLE = Manual;
				CURRENT_PROJECT_VERSION = 45;
				DEVELOPMENT_TEAM = 7MCU276KA6;
				INFOPLIST_FILE = travisTest/Info.plist;
				LD_RUNPATH_SEARCH_PATHS = "$(inherited) @executable_path/Frameworks";
				PRODUCT_BUNDLE_IDENTIFIER = com.pilasvacias.test;
				PRODUCT_NAME = "$(TARGET_NAME)";
				PROVISIONING_PROFILE = "99dccc1e-39f3-43b1-abec-c7831b9ec1e8";
				PROVISIONING_PROFILE_SPECIFIER = "match AppStore com.pilasvacias.test";
				SWIFT_VERSION = 4.0;
				TARGETED_DEVICE_FAMILY = "1,2";
				VERSIONING_SYSTEM = "apple-generic";
			};
			name = Release;
		};
		38A63D8E20D7EA6500E0E3D7 /* Debug */ = {
			isa = XCBuildConfiguration;
			buildSettings = {
				ALWAYS_EMBED_SWIFT_STANDARD_LIBRARIES = YES;
				BUNDLE_LOADER = "$(TEST_HOST)";
				CODE_SIGN_STYLE = Automatic;
				INFOPLIST_FILE = travisTestTests/Info.plist;
				LD_RUNPATH_SEARCH_PATHS = "$(inherited) @executable_path/Frameworks @loader_path/Frameworks";
				PRODUCT_BUNDLE_IDENTIFIER = com.pilasvacias.travisTestTests;
				PRODUCT_NAME = "$(TARGET_NAME)";
				SWIFT_VERSION = 4.0;
				TARGETED_DEVICE_FAMILY = "1,2";
				TEST_HOST = "$(BUILT_PRODUCTS_DIR)/travisTest.app/travisTest";
			};
			name = Debug;
		};
		38A63D8F20D7EA6500E0E3D7 /* Release */ = {
			isa = XCBuildConfiguration;
			buildSettings = {
				ALWAYS_EMBED_SWIFT_STANDARD_LIBRARIES = YES;
				BUNDLE_LOADER = "$(TEST_HOST)";
				CODE_SIGN_STYLE = Automatic;
				INFOPLIST_FILE = travisTestTests/Info.plist;
				LD_RUNPATH_SEARCH_PATHS = "$(inherited) @executable_path/Frameworks @loader_path/Frameworks";
				PRODUCT_BUNDLE_IDENTIFIER = com.pilasvacias.travisTestTests;
				PRODUCT_NAME = "$(TARGET_NAME)";
				SWIFT_VERSION = 4.0;
				TARGETED_DEVICE_FAMILY = "1,2";
				TEST_HOST = "$(BUILT_PRODUCTS_DIR)/travisTest.app/travisTest";
			};
			name = Release;
		};
		38A63D9120D7EA6500E0E3D7 /* Debug */ = {
			isa = XCBuildConfiguration;
			buildSettings = {
				ALWAYS_EMBED_SWIFT_STANDARD_LIBRARIES = YES;
				CODE_SIGN_STYLE = Automatic;
				INFOPLIST_FILE = travisTestUITests/Info.plist;
				LD_RUNPATH_SEARCH_PATHS = "$(inherited) @executable_path/Frameworks @loader_path/Frameworks";
				PRODUCT_BUNDLE_IDENTIFIER = com.pilasvacias.travisTestUITests;
				PRODUCT_NAME = "$(TARGET_NAME)";
				SWIFT_VERSION = 4.0;
				TARGETED_DEVICE_FAMILY = "1,2";
				TEST_TARGET_NAME = travisTest;
			};
			name = Debug;
		};
		38A63D9220D7EA6500E0E3D7 /* Release */ = {
			isa = XCBuildConfiguration;
			buildSettings = {
				ALWAYS_EMBED_SWIFT_STANDARD_LIBRARIES = YES;
				CODE_SIGN_STYLE = Automatic;
				INFOPLIST_FILE = travisTestUITests/Info.plist;
				LD_RUNPATH_SEARCH_PATHS = "$(inherited) @executable_path/Frameworks @loader_path/Frameworks";
				PRODUCT_BUNDLE_IDENTIFIER = com.pilasvacias.travisTestUITests;
				PRODUCT_NAME = "$(TARGET_NAME)";
				SWIFT_VERSION = 4.0;
				TARGETED_DEVICE_FAMILY = "1,2";
				TEST_TARGET_NAME = travisTest;
			};
			name = Release;
		};
/* End XCBuildConfiguration section */

/* Begin XCConfigurationList section */
		38A63D5D20D7EA6500E0E3D7 /* Build configuration list for PBXProject "travisTest" */ = {
			isa = XCConfigurationList;
			buildConfigurations = (
				38A63D8820D7EA6500E0E3D7 /* Debug */,
				38A63D8920D7EA6500E0E3D7 /* Release */,
			);
			defaultConfigurationIsVisible = 0;
			defaultConfigurationName = Release;
		};
		38A63D8A20D7EA6500E0E3D7 /* Build configuration list for PBXNativeTarget "travisTest" */ = {
			isa = XCConfigurationList;
			buildConfigurations = (
				38A63D8B20D7EA6500E0E3D7 /* Debug */,
				38A63D8C20D7EA6500E0E3D7 /* Release */,
			);
			defaultConfigurationIsVisible = 0;
			defaultConfigurationName = Release;
		};
		38A63D8D20D7EA6500E0E3D7 /* Build configuration list for PBXNativeTarget "travisTestTests" */ = {
			isa = XCConfigurationList;
			buildConfigurations = (
				38A63D8E20D7EA6500E0E3D7 /* Debug */,
				38A63D8F20D7EA6500E0E3D7 /* Release */,
			);
			defaultConfigurationIsVisible = 0;
			defaultConfigurationName = Release;
		};
		38A63D9020D7EA6500E0E3D7 /* Build configuration list for PBXNativeTarget "travisTestUITests" */ = {
			isa = XCConfigurationList;
			buildConfigurations = (
				38A63D9120D7EA6500E0E3D7 /* Debug */,
				38A63D9220D7EA6500E0E3D7 /* Release */,
			);
			defaultConfigurationIsVisible = 0;
			defaultConfigurationName = Release;
		};
/* End XCConfigurationList section */
	};
	rootObject = 38A63D5A20D7EA6500E0E3D7 /* Project object */;
}
